// !$*UTF8*$!
{
	archiveVersion = 1;
	classes = {
	};
	objectVersion = 50;
	objects = {

/* Begin PBXBuildFile section */
		6F46DB9421E5A3030020D147 /* NSArray+YMM_Array.m in Sources */ = {isa = PBXBuildFile; fileRef = 6F46DB9321E5A3030020D147 /* NSArray+YMM_Array.m */; };
		6F46DBA021E5A34B0020D147 /* BubbleSort.m in Sources */ = {isa = PBXBuildFile; fileRef = 6F46DB9621E5A34B0020D147 /* BubbleSort.m */; };
		6F46DBA121E5A34B0020D147 /* ListNode.m in Sources */ = {isa = PBXBuildFile; fileRef = 6F46DB9721E5A34B0020D147 /* ListNode.m */; };
		6F46DBA221E5A34B0020D147 /* reversalList.m in Sources */ = {isa = PBXBuildFile; fileRef = 6F46DB9A21E5A34B0020D147 /* reversalList.m */; };
		6F46DBA321E5A34B0020D147 /* SortALG.m in Sources */ = {isa = PBXBuildFile; fileRef = 6F46DB9E21E5A34B0020D147 /* SortALG.m */; };
		6FFA45A621B3DB6500DD7D3E /* AppDelegate.m in Sources */ = {isa = PBXBuildFile; fileRef = 6FFA45A521B3DB6500DD7D3E /* AppDelegate.m */; };
		6FFA45A921B3DB6500DD7D3E /* ViewController.m in Sources */ = {isa = PBXBuildFile; fileRef = 6FFA45A821B3DB6500DD7D3E /* ViewController.m */; };
		6FFA45AC21B3DB6500DD7D3E /* Main.storyboard in Resources */ = {isa = PBXBuildFile; fileRef = 6FFA45AA21B3DB6500DD7D3E /* Main.storyboard */; };
		6FFA45AE21B3DB6800DD7D3E /* Assets.xcassets in Resources */ = {isa = PBXBuildFile; fileRef = 6FFA45AD21B3DB6800DD7D3E /* Assets.xcassets */; };
		6FFA45B121B3DB6800DD7D3E /* LaunchScreen.storyboard in Resources */ = {isa = PBXBuildFile; fileRef = 6FFA45AF21B3DB6800DD7D3E /* LaunchScreen.storyboard */; };
		6FFA45B421B3DB6800DD7D3E /* main.m in Sources */ = {isa = PBXBuildFile; fileRef = 6FFA45B321B3DB6800DD7D3E /* main.m */; };
		6FFA45BE21B3DB6900DD7D3E /* sortingDemoTests.m in Sources */ = {isa = PBXBuildFile; fileRef = 6FFA45BD21B3DB6900DD7D3E /* sortingDemoTests.m */; };
		6FFA45C921B3DB6900DD7D3E /* sortingDemoUITests.m in Sources */ = {isa = PBXBuildFile; fileRef = 6FFA45C821B3DB6900DD7D3E /* sortingDemoUITests.m */; };
/* End PBXBuildFile section */

/* Begin PBXContainerItemProxy section */
		6FFA45BA21B3DB6900DD7D3E /* PBXContainerItemProxy */ = {
			isa = PBXContainerItemProxy;
			containerPortal = 6FFA459921B3DB6400DD7D3E /* Project object */;
			proxyType = 1;
			remoteGlobalIDString = 6FFA45A021B3DB6400DD7D3E;
			remoteInfo = sortingDemo;
		};
		6FFA45C521B3DB6900DD7D3E /* PBXContainerItemProxy */ = {
			isa = PBXContainerItemProxy;
			containerPortal = 6FFA459921B3DB6400DD7D3E /* Project object */;
			proxyType = 1;
			remoteGlobalIDString = 6FFA45A021B3DB6400DD7D3E;
			remoteInfo = sortingDemo;
		};
/* End PBXContainerItemProxy section */

/* Begin PBXFileReference section */
		6F46DB9221E5A3030020D147 /* NSArray+YMM_Array.h */ = {isa = PBXFileReference; fileEncoding = 4; lastKnownFileType = sourcecode.c.h; path = "NSArray+YMM_Array.h"; sourceTree = "<group>"; };
		6F46DB9321E5A3030020D147 /* NSArray+YMM_Array.m */ = {isa = PBXFileReference; fileEncoding = 4; lastKnownFileType = sourcecode.c.objc; path = "NSArray+YMM_Array.m"; sourceTree = "<group>"; };
		6F46DB9621E5A34B0020D147 /* BubbleSort.m */ = {isa = PBXFileReference; fileEncoding = 4; lastKnownFileType = sourcecode.c.objc; path = BubbleSort.m; sourceTree = "<group>"; };
		6F46DB9721E5A34B0020D147 /* ListNode.m */ = {isa = PBXFileReference; fileEncoding = 4; lastKnownFileType = sourcecode.c.objc; path = ListNode.m; sourceTree = "<group>"; };
		6F46DB9821E5A34B0020D147 /* BubbleSort.h */ = {isa = PBXFileReference; fileEncoding = 4; lastKnownFileType = sourcecode.c.h; path = BubbleSort.h; sourceTree = "<group>"; };
		6F46DB9A21E5A34B0020D147 /* reversalList.m */ = {isa = PBXFileReference; fileEncoding = 4; lastKnownFileType = sourcecode.c.objc; path = reversalList.m; sourceTree = "<group>"; };
		6F46DB9B21E5A34B0020D147 /* reversalList.h */ = {isa = PBXFileReference; fileEncoding = 4; lastKnownFileType = sourcecode.c.h; path = reversalList.h; sourceTree = "<group>"; };
		6F46DB9C21E5A34B0020D147 /* SortALG.h */ = {isa = PBXFileReference; fileEncoding = 4; lastKnownFileType = sourcecode.c.h; path = SortALG.h; sourceTree = "<group>"; };
		6F46DB9D21E5A34B0020D147 /* ListNode.h */ = {isa = PBXFileReference; fileEncoding = 4; lastKnownFileType = sourcecode.c.h; path = ListNode.h; sourceTree = "<group>"; };
		6F46DB9E21E5A34B0020D147 /* SortALG.m */ = {isa = PBXFileReference; fileEncoding = 4; lastKnownFileType = sourcecode.c.objc; path = SortALG.m; sourceTree = "<group>"; };
		6F46DBAA21E5A43C0020D147 /* PrefixHeader.pch */ = {isa = PBXFileReference; lastKnownFileType = sourcecode.c.h; path = PrefixHeader.pch; sourceTree = "<group>"; };
		6FFA45A121B3DB6400DD7D3E /* sortingDemo.app */ = {isa = PBXFileReference; explicitFileType = wrapper.application; includeInIndex = 0; path = sortingDemo.app; sourceTree = BUILT_PRODUCTS_DIR; };
		6FFA45A421B3DB6500DD7D3E /* AppDelegate.h */ = {isa = PBXFileReference; lastKnownFileType = sourcecode.c.h; path = AppDelegate.h; sourceTree = "<group>"; };
		6FFA45A521B3DB6500DD7D3E /* AppDelegate.m */ = {isa = PBXFileReference; lastKnownFileType = sourcecode.c.objc; path = AppDelegate.m; sourceTree = "<group>"; };
		6FFA45A721B3DB6500DD7D3E /* ViewController.h */ = {isa = PBXFileReference; lastKnownFileType = sourcecode.c.h; path = ViewController.h; sourceTree = "<group>"; };
		6FFA45A821B3DB6500DD7D3E /* ViewController.m */ = {isa = PBXFileReference; lastKnownFileType = sourcecode.c.objc; path = ViewController.m; sourceTree = "<group>"; };
		6FFA45AB21B3DB6500DD7D3E /* Base */ = {isa = PBXFileReference; lastKnownFileType = file.storyboard; name = Base; path = Base.lproj/Main.storyboard; sourceTree = "<group>"; };
		6FFA45AD21B3DB6800DD7D3E /* Assets.xcassets */ = {isa = PBXFileReference; lastKnownFileType = folder.assetcatalog; path = Assets.xcassets; sourceTree = "<group>"; };
		6FFA45B021B3DB6800DD7D3E /* Base */ = {isa = PBXFileReference; lastKnownFileType = file.storyboard; name = Base; path = Base.lproj/LaunchScreen.storyboard; sourceTree = "<group>"; };
		6FFA45B221B3DB6800DD7D3E /* Info.plist */ = {isa = PBXFileReference; lastKnownFileType = text.plist.xml; path = Info.plist; sourceTree = "<group>"; };
		6FFA45B321B3DB6800DD7D3E /* main.m */ = {isa = PBXFileReference; lastKnownFileType = sourcecode.c.objc; path = main.m; sourceTree = "<group>"; };
		6FFA45B921B3DB6900DD7D3E /* sortingDemoTests.xctest */ = {isa = PBXFileReference; explicitFileType = wrapper.cfbundle; includeInIndex = 0; path = sortingDemoTests.xctest; sourceTree = BUILT_PRODUCTS_DIR; };
		6FFA45BD21B3DB6900DD7D3E /* sortingDemoTests.m */ = {isa = PBXFileReference; lastKnownFileType = sourcecode.c.objc; path = sortingDemoTests.m; sourceTree = "<group>"; };
		6FFA45BF21B3DB6900DD7D3E /* Info.plist */ = {isa = PBXFileReference; lastKnownFileType = text.plist.xml; path = Info.plist; sourceTree = "<group>"; };
		6FFA45C421B3DB6900DD7D3E /* sortingDemoUITests.xctest */ = {isa = PBXFileReference; explicitFileType = wrapper.cfbundle; includeInIndex = 0; path = sortingDemoUITests.xctest; sourceTree = BUILT_PRODUCTS_DIR; };
		6FFA45C821B3DB6900DD7D3E /* sortingDemoUITests.m */ = {isa = PBXFileReference; lastKnownFileType = sourcecode.c.objc; path = sortingDemoUITests.m; sourceTree = "<group>"; };
		6FFA45CA21B3DB6900DD7D3E /* Info.plist */ = {isa = PBXFileReference; lastKnownFileType = text.plist.xml; path = Info.plist; sourceTree = "<group>"; };
/* End PBXFileReference section */

/* Begin PBXFrameworksBuildPhase section */
		6FFA459E21B3DB6400DD7D3E /* Frameworks */ = {
			isa = PBXFrameworksBuildPhase;
			buildActionMask = 2147483647;
			files = (
			);
			runOnlyForDeploymentPostprocessing = 0;
		};
		6FFA45B621B3DB6900DD7D3E /* Frameworks */ = {
			isa = PBXFrameworksBuildPhase;
			buildActionMask = 2147483647;
			files = (
			);
			runOnlyForDeploymentPostprocessing = 0;
		};
		6FFA45C121B3DB6900DD7D3E /* Frameworks */ = {
			isa = PBXFrameworksBuildPhase;
			buildActionMask = 2147483647;
			files = (
			);
			runOnlyForDeploymentPostprocessing = 0;
		};
/* End PBXFrameworksBuildPhase section */

/* Begin PBXGroup section */
		6F46DB9121E5A2E80020D147 /* Category */ = {
			isa = PBXGroup;
			children = (
				6F46DB9221E5A3030020D147 /* NSArray+YMM_Array.h */,
				6F46DB9321E5A3030020D147 /* NSArray+YMM_Array.m */,
			);
			path = Category;
			sourceTree = "<group>";
		};
		6F46DB9521E5A3070020D147 /* Sort */ = {
			isa = PBXGroup;
			children = (
				6F46DB9821E5A34B0020D147 /* BubbleSort.h */,
				6F46DB9621E5A34B0020D147 /* BubbleSort.m */,
				6F46DB9B21E5A34B0020D147 /* reversalList.h */,
				6F46DB9A21E5A34B0020D147 /* reversalList.m */,
				6F46DB9C21E5A34B0020D147 /* SortALG.h */,
				6F46DB9E21E5A34B0020D147 /* SortALG.m */,
			);
			path = Sort;
			sourceTree = "<group>";
		};
		6F46DBA621E5A3BB0020D147 /* Unit */ = {
			isa = PBXGroup;
			children = (
				6F46DBAA21E5A43C0020D147 /* PrefixHeader.pch */,
			);
			path = Unit;
			sourceTree = "<group>";
		};
		6F46DBAB21E5ABFA0020D147 /* Mode */ = {
			isa = PBXGroup;
			children = (
				6F46DB9D21E5A34B0020D147 /* ListNode.h */,
				6F46DB9721E5A34B0020D147 /* ListNode.m */,
			);
			path = Mode;
			sourceTree = "<group>";
		};
		6FFA459821B3DB6400DD7D3E = {
			isa = PBXGroup;
			children = (
				6FFA45A321B3DB6500DD7D3E /* sortingDemo */,
				6FFA45BC21B3DB6900DD7D3E /* sortingDemoTests */,
				6FFA45C721B3DB6900DD7D3E /* sortingDemoUITests */,
				6FFA45A221B3DB6400DD7D3E /* Products */,
			);
			sourceTree = "<group>";
		};
		6FFA45A221B3DB6400DD7D3E /* Products */ = {
			isa = PBXGroup;
			children = (
				6FFA45A121B3DB6400DD7D3E /* sortingDemo.app */,
				6FFA45B921B3DB6900DD7D3E /* sortingDemoTests.xctest */,
				6FFA45C421B3DB6900DD7D3E /* sortingDemoUITests.xctest */,
			);
			name = Products;
			sourceTree = "<group>";
		};
		6FFA45A321B3DB6500DD7D3E /* sortingDemo */ = {
			isa = PBXGroup;
			children = (
				6FFA45A421B3DB6500DD7D3E /* AppDelegate.h */,
				6FFA45A521B3DB6500DD7D3E /* AppDelegate.m */,
				6FFA45A721B3DB6500DD7D3E /* ViewController.h */,
				6FFA45A821B3DB6500DD7D3E /* ViewController.m */,
				6F46DBAB21E5ABFA0020D147 /* Mode */,
				6F46DBA621E5A3BB0020D147 /* Unit */,
				6F46DB9521E5A3070020D147 /* Sort */,
				6F46DB9121E5A2E80020D147 /* Category */,
				6FFA45AA21B3DB6500DD7D3E /* Main.storyboard */,
				6FFA45AD21B3DB6800DD7D3E /* Assets.xcassets */,
				6FFA45AF21B3DB6800DD7D3E /* LaunchScreen.storyboard */,
				6FFA45B221B3DB6800DD7D3E /* Info.plist */,
				6FFA45B321B3DB6800DD7D3E /* main.m */,
			);
			path = sortingDemo;
			sourceTree = "<group>";
		};
		6FFA45BC21B3DB6900DD7D3E /* sortingDemoTests */ = {
			isa = PBXGroup;
			children = (
				6FFA45BD21B3DB6900DD7D3E /* sortingDemoTests.m */,
				6FFA45BF21B3DB6900DD7D3E /* Info.plist */,
			);
			path = sortingDemoTests;
			sourceTree = "<group>";
		};
		6FFA45C721B3DB6900DD7D3E /* sortingDemoUITests */ = {
			isa = PBXGroup;
			children = (
				6FFA45C821B3DB6900DD7D3E /* sortingDemoUITests.m */,
				6FFA45CA21B3DB6900DD7D3E /* Info.plist */,
			);
			path = sortingDemoUITests;
			sourceTree = "<group>";
		};
/* End PBXGroup section */

/* Begin PBXNativeTarget section */
		6FFA45A021B3DB6400DD7D3E /* sortingDemo */ = {
			isa = PBXNativeTarget;
			buildConfigurationList = 6FFA45CD21B3DB6900DD7D3E /* Build configuration list for PBXNativeTarget "sortingDemo" */;
			buildPhases = (
				6FFA459D21B3DB6400DD7D3E /* Sources */,
				6FFA459E21B3DB6400DD7D3E /* Frameworks */,
				6FFA459F21B3DB6400DD7D3E /* Resources */,
			);
			buildRules = (
			);
			dependencies = (
			);
			name = sortingDemo;
			productName = sortingDemo;
			productReference = 6FFA45A121B3DB6400DD7D3E /* sortingDemo.app */;
			productType = "com.apple.product-type.application";
		};
		6FFA45B821B3DB6900DD7D3E /* sortingDemoTests */ = {
			isa = PBXNativeTarget;
			buildConfigurationList = 6FFA45D021B3DB6900DD7D3E /* Build configuration list for PBXNativeTarget "sortingDemoTests" */;
			buildPhases = (
				6FFA45B521B3DB6900DD7D3E /* Sources */,
				6FFA45B621B3DB6900DD7D3E /* Frameworks */,
				6FFA45B721B3DB6900DD7D3E /* Resources */,
			);
			buildRules = (
			);
			dependencies = (
				6FFA45BB21B3DB6900DD7D3E /* PBXTargetDependency */,
			);
			name = sortingDemoTests;
			productName = sortingDemoTests;
			productReference = 6FFA45B921B3DB6900DD7D3E /* sortingDemoTests.xctest */;
			productType = "com.apple.product-type.bundle.unit-test";
		};
		6FFA45C321B3DB6900DD7D3E /* sortingDemoUITests */ = {
			isa = PBXNativeTarget;
			buildConfigurationList = 6FFA45D321B3DB6900DD7D3E /* Build configuration list for PBXNativeTarget "sortingDemoUITests" */;
			buildPhases = (
				6FFA45C021B3DB6900DD7D3E /* Sources */,
				6FFA45C121B3DB6900DD7D3E /* Frameworks */,
				6FFA45C221B3DB6900DD7D3E /* Resources */,
			);
			buildRules = (
			);
			dependencies = (
				6FFA45C621B3DB6900DD7D3E /* PBXTargetDependency */,
			);
			name = sortingDemoUITests;
			productName = sortingDemoUITests;
			productReference = 6FFA45C421B3DB6900DD7D3E /* sortingDemoUITests.xctest */;
			productType = "com.apple.product-type.bundle.ui-testing";
		};
/* End PBXNativeTarget section */

/* Begin PBXProject section */
		6FFA459921B3DB6400DD7D3E /* Project object */ = {
			isa = PBXProject;
			attributes = {
				LastUpgradeCheck = 1010;
				ORGANIZATIONNAME = myy.company.com;
				TargetAttributes = {
					6FFA45A021B3DB6400DD7D3E = {
						CreatedOnToolsVersion = 10.1;
					};
					6FFA45B821B3DB6900DD7D3E = {
						CreatedOnToolsVersion = 10.1;
						TestTargetID = 6FFA45A021B3DB6400DD7D3E;
					};
					6FFA45C321B3DB6900DD7D3E = {
						CreatedOnToolsVersion = 10.1;
						TestTargetID = 6FFA45A021B3DB6400DD7D3E;
					};
				};
			};
			buildConfigurationList = 6FFA459C21B3DB6400DD7D3E /* Build configuration list for PBXProject "sortingDemo" */;
			compatibilityVersion = "Xcode 9.3";
			developmentRegion = en;
			hasScannedForEncodings = 0;
			knownRegions = (
				en,
				Base,
			);
			mainGroup = 6FFA459821B3DB6400DD7D3E;
			productRefGroup = 6FFA45A221B3DB6400DD7D3E /* Products */;
			projectDirPath = "";
			projectRoot = "";
			targets = (
				6FFA45A021B3DB6400DD7D3E /* sortingDemo */,
				6FFA45B821B3DB6900DD7D3E /* sortingDemoTests */,
				6FFA45C321B3DB6900DD7D3E /* sortingDemoUITests */,
			);
		};
/* End PBXProject section */

/* Begin PBXResourcesBuildPhase section */
		6FFA459F21B3DB6400DD7D3E /* Resources */ = {
			isa = PBXResourcesBuildPhase;
			buildActionMask = 2147483647;
			files = (
				6FFA45B121B3DB6800DD7D3E /* LaunchScreen.storyboard in Resources */,
				6FFA45AE21B3DB6800DD7D3E /* Assets.xcassets in Resources */,
				6FFA45AC21B3DB6500DD7D3E /* Main.storyboard in Resources */,
			);
			runOnlyForDeploymentPostprocessing = 0;
		};
		6FFA45B721B3DB6900DD7D3E /* Resources */ = {
			isa = PBXResourcesBuildPhase;
			buildActionMask = 2147483647;
			files = (
			);
			runOnlyForDeploymentPostprocessing = 0;
		};
		6FFA45C221B3DB6900DD7D3E /* Resources */ = {
			isa = PBXResourcesBuildPhase;
			buildActionMask = 2147483647;
			files = (
			);
			runOnlyForDeploymentPostprocessing = 0;
		};
/* End PBXResourcesBuildPhase section */

/* Begin PBXSourcesBuildPhase section */
		6FFA459D21B3DB6400DD7D3E /* Sources */ = {
			isa = PBXSourcesBuildPhase;
			buildActionMask = 2147483647;
			files = (
				6F46DBA321E5A34B0020D147 /* SortALG.m in Sources */,
				6FFA45A921B3DB6500DD7D3E /* ViewController.m in Sources */,
				6F46DBA121E5A34B0020D147 /* ListNode.m in Sources */,
				6F46DBA021E5A34B0020D147 /* BubbleSort.m in Sources */,
				6F46DBA221E5A34B0020D147 /* reversalList.m in Sources */,
				6FFA45B421B3DB6800DD7D3E /* main.m in Sources */,
				6F46DB9421E5A3030020D147 /* NSArray+YMM_Array.m in Sources */,
				6FFA45A621B3DB6500DD7D3E /* AppDelegate.m in Sources */,
			);
			runOnlyForDeploymentPostprocessing = 0;
		};
		6FFA45B521B3DB6900DD7D3E /* Sources */ = {
			isa = PBXSourcesBuildPhase;
			buildActionMask = 2147483647;
			files = (
				6FFA45BE21B3DB6900DD7D3E /* sortingDemoTests.m in Sources */,
			);
			runOnlyForDeploymentPostprocessing = 0;
		};
		6FFA45C021B3DB6900DD7D3E /* Sources */ = {
			isa = PBXSourcesBuildPhase;
			buildActionMask = 2147483647;
			files = (
				6FFA45C921B3DB6900DD7D3E /* sortingDemoUITests.m in Sources */,
			);
			runOnlyForDeploymentPostprocessing = 0;
		};
/* End PBXSourcesBuildPhase section */

/* Begin PBXTargetDependency section */
		6FFA45BB21B3DB6900DD7D3E /* PBXTargetDependency */ = {
			isa = PBXTargetDependency;
			target = 6FFA45A021B3DB6400DD7D3E /* sortingDemo */;
			targetProxy = 6FFA45BA21B3DB6900DD7D3E /* PBXContainerItemProxy */;
		};
		6FFA45C621B3DB6900DD7D3E /* PBXTargetDependency */ = {
			isa = PBXTargetDependency;
			target = 6FFA45A021B3DB6400DD7D3E /* sortingDemo */;
			targetProxy = 6FFA45C521B3DB6900DD7D3E /* PBXContainerItemProxy */;
		};
/* End PBXTargetDependency section */

/* Begin PBXVariantGroup section */
		6FFA45AA21B3DB6500DD7D3E /* Main.storyboard */ = {
			isa = PBXVariantGroup;
			children = (
				6FFA45AB21B3DB6500DD7D3E /* Base */,
			);
			name = Main.storyboard;
			sourceTree = "<group>";
		};
		6FFA45AF21B3DB6800DD7D3E /* LaunchScreen.storyboard */ = {
			isa = PBXVariantGroup;
			children = (
				6FFA45B021B3DB6800DD7D3E /* Base */,
			);
			name = LaunchScreen.storyboard;
			sourceTree = "<group>";
		};
/* End PBXVariantGroup section */

/* Begin XCBuildConfiguration section */
		6FFA45CB21B3DB6900DD7D3E /* Debug */ = {
			isa = XCBuildConfiguration;
			buildSettings = {
				ALWAYS_SEARCH_USER_PATHS = NO;
				CLANG_ANALYZER_NONNULL = YES;
				CLANG_ANALYZER_NUMBER_OBJECT_CONVERSION = YES_AGGRESSIVE;
				CLANG_CXX_LANGUAGE_STANDARD = "gnu++14";
				CLANG_CXX_LIBRARY = "libc++";
				CLANG_ENABLE_MODULES = YES;
				CLANG_ENABLE_OBJC_ARC = YES;
				CLANG_ENABLE_OBJC_WEAK = YES;
				CLANG_WARN_BLOCK_CAPTURE_AUTORELEASING = YES;
				CLANG_WARN_BOOL_CONVERSION = YES;
				CLANG_WARN_COMMA = YES;
				CLANG_WARN_CONSTANT_CONVERSION = YES;
				CLANG_WARN_DEPRECATED_OBJC_IMPLEMENTATIONS = YES;
				CLANG_WARN_DIRECT_OBJC_ISA_USAGE = YES_ERROR;
				CLANG_WARN_DOCUMENTATION_COMMENTS = YES;
				CLANG_WARN_EMPTY_BODY = YES;
				CLANG_WARN_ENUM_CONVERSION = YES;
				CLANG_WARN_INFINITE_RECURSION = YES;
				CLANG_WARN_INT_CONVERSION = YES;
				CLANG_WARN_NON_LITERAL_NULL_CONVERSION = YES;
				CLANG_WARN_OBJC_IMPLICIT_RETAIN_SELF = YES;
				CLANG_WARN_OBJC_LITERAL_CONVERSION = YES;
				CLANG_WARN_OBJC_ROOT_CLASS = YES_ERROR;
				CLANG_WARN_RANGE_LOOP_ANALYSIS = YES;
				CLANG_WARN_STRICT_PROTOTYPES = YES;
				CLANG_WARN_SUSPICIOUS_MOVE = YES;
				CLANG_WARN_UNGUARDED_AVAILABILITY = YES_AGGRESSIVE;
				CLANG_WARN_UNREACHABLE_CODE = YES;
				CLANG_WARN__DUPLICATE_METHOD_MATCH = YES;
				CODE_SIGN_IDENTITY = "iPhone Developer";
				COPY_PHASE_STRIP = NO;
				DEBUG_INFORMATION_FORMAT = dwarf;
				ENABLE_STRICT_OBJC_MSGSEND = YES;
				ENABLE_TESTABILITY = YES;
				GCC_C_LANGUAGE_STANDARD = gnu11;
				GCC_DYNAMIC_NO_PIC = NO;
				GCC_NO_COMMON_BLOCKS = YES;
				GCC_OPTIMIZATION_LEVEL = 0;
				GCC_PREPROCESSOR_DEFINITIONS = (
					"DEBUG=1",
					"$(inherited)",
				);
				GCC_WARN_64_TO_32_BIT_CONVERSION = YES;
				GCC_WARN_ABOUT_RETURN_TYPE = YES_ERROR;
				GCC_WARN_UNDECLARED_SELECTOR = YES;
				GCC_WARN_UNINITIALIZED_AUTOS = YES_AGGRESSIVE;
				GCC_WARN_UNUSED_FUNCTION = YES;
				GCC_WARN_UNUSED_VARIABLE = YES;
				IPHONEOS_DEPLOYMENT_TARGET = 12.1;
				MTL_ENABLE_DEBUG_INFO = INCLUDE_SOURCE;
				MTL_FAST_MATH = YES;
				ONLY_ACTIVE_ARCH = YES;
				SDKROOT = iphoneos;
			};
			name = Debug;
		};
		6FFA45CC21B3DB6900DD7D3E /* Release */ = {
			isa = XCBuildConfiguration;
			buildSettings = {
				ALWAYS_SEARCH_USER_PATHS = NO;
				CLANG_ANALYZER_NONNULL = YES;
				CLANG_ANALYZER_NUMBER_OBJECT_CONVERSION = YES_AGGRESSIVE;
				CLANG_CXX_LANGUAGE_STANDARD = "gnu++14";
				CLANG_CXX_LIBRARY = "libc++";
				CLANG_ENABLE_MODULES = YES;
				CLANG_ENABLE_OBJC_ARC = YES;
				CLANG_ENABLE_OBJC_WEAK = YES;
				CLANG_WARN_BLOCK_CAPTURE_AUTORELEASING = YES;
				CLANG_WARN_BOOL_CONVERSION = YES;
				CLANG_WARN_COMMA = YES;
				CLANG_WARN_CONSTANT_CONVERSION = YES;
				CLANG_WARN_DEPRECATED_OBJC_IMPLEMENTATIONS = YES;
				CLANG_WARN_DIRECT_OBJC_ISA_USAGE = YES_ERROR;
				CLANG_WARN_DOCUMENTATION_COMMENTS = YES;
				CLANG_WARN_EMPTY_BODY = YES;
				CLANG_WARN_ENUM_CONVERSION = YES;
				CLANG_WARN_INFINITE_RECURSION = YES;
				CLANG_WARN_INT_CONVERSION = YES;
				CLANG_WARN_NON_LITERAL_NULL_CONVERSION = YES;
				CLANG_WARN_OBJC_IMPLICIT_RETAIN_SELF = YES;
				CLANG_WARN_OBJC_LITERAL_CONVERSION = YES;
				CLANG_WARN_OBJC_ROOT_CLASS = YES_ERROR;
				CLANG_WARN_RANGE_LOOP_ANALYSIS = YES;
				CLANG_WARN_STRICT_PROTOTYPES = YES;
				CLANG_WARN_SUSPICIOUS_MOVE = YES;
				CLANG_WARN_UNGUARDED_AVAILABILITY = YES_AGGRESSIVE;
				CLANG_WARN_UNREACHABLE_CODE = YES;
				CLANG_WARN__DUPLICATE_METHOD_MATCH = YES;
				CODE_SIGN_IDENTITY = "iPhone Developer";
				COPY_PHASE_STRIP = NO;
				DEBUG_INFORMATION_FORMAT = "dwarf-with-dsym";
				ENABLE_NS_ASSERTIONS = NO;
				ENABLE_STRICT_OBJC_MSGSEND = YES;
				GCC_C_LANGUAGE_STANDARD = gnu11;
				GCC_NO_COMMON_BLOCKS = YES;
				GCC_WARN_64_TO_32_BIT_CONVERSION = YES;
				GCC_WARN_ABOUT_RETURN_TYPE = YES_ERROR;
				GCC_WARN_UNDECLARED_SELECTOR = YES;
				GCC_WARN_UNINITIALIZED_AUTOS = YES_AGGRESSIVE;
				GCC_WARN_UNUSED_FUNCTION = YES;
				GCC_WARN_UNUSED_VARIABLE = YES;
				IPHONEOS_DEPLOYMENT_TARGET = 12.1;
				MTL_ENABLE_DEBUG_INFO = NO;
				MTL_FAST_MATH = YES;
				SDKROOT = iphoneos;
				VALIDATE_PRODUCT = YES;
			};
			name = Release;
		};
		6FFA45CE21B3DB6900DD7D3E /* Debug */ = {
			isa = XCBuildConfiguration;
			buildSettings = {
				ASSETCATALOG_COMPILER_APPICON_NAME = AppIcon;
				CODE_SIGN_STYLE = Automatic;
				DEVELOPMENT_TEAM = B2758QW979;
				GCC_PREFIX_HEADER = "$(SRCROOT)/sortingDemo/Unit/PrefixHeader.pch";
				INFOPLIST_FILE = sortingDemo/Info.plist;
				LD_RUNPATH_SEARCH_PATHS = (
					"$(inherited)",
					"@executable_path/Frameworks",
				);
				PRODUCT_BUNDLE_IDENTIFIER = com.original.test.sortingDemo;
				PRODUCT_NAME = "$(TARGET_NAME)";
				TARGETED_DEVICE_FAMILY = "1,2";
			};
			name = Debug;
		};
		6FFA45CF21B3DB6900DD7D3E /* Release */ = {
			isa = XCBuildConfiguration;
			buildSettings = {
				ASSETCATALOG_COMPILER_APPICON_NAME = AppIcon;
				CODE_SIGN_STYLE = Automatic;
				DEVELOPMENT_TEAM = B2758QW979;
				GCC_PREFIX_HEADER = "$(SRCROOT)/sortingDemo/Unit/PrefixHeader.pch";
				INFOPLIST_FILE = sortingDemo/Info.plist;
				LD_RUNPATH_SEARCH_PATHS = (
					"$(inherited)",
					"@executable_path/Frameworks",
				);
				PRODUCT_BUNDLE_IDENTIFIER = com.original.test.sortingDemo;
				PRODUCT_NAME = "$(TARGET_NAME)";
				TARGETED_DEVICE_FAMILY = "1,2";
			};
			name = Release;
		};
		6FFA45D121B3DB6900DD7D3E /* Debug */ = {
			isa = XCBuildConfiguration;
			buildSettings = {
				BUNDLE_LOADER = "$(TEST_HOST)";
				CODE_SIGN_STYLE = Automatic;
				DEVELOPMENT_TEAM = B2758QW979;
				INFOPLIST_FILE = sortingDemoTests/Info.plist;
				LD_RUNPATH_SEARCH_PATHS = (
					"$(inherited)",
					"@executable_path/Frameworks",
					"@loader_path/Frameworks",
				);
				PRODUCT_BUNDLE_IDENTIFIER = com.original.test.sortingDemoTests;
				PRODUCT_NAME = "$(TARGET_NAME)";
				TARGETED_DEVICE_FAMILY = "1,2";
				TEST_HOST = "$(BUILT_PRODUCTS_DIR)/sortingDemo.app/sortingDemo";
			};
			name = Debug;
		};
		6FFA45D221B3DB6900DD7D3E /* Release */ = {
			isa = XCBuildConfiguration;
			buildSettings = {
				BUNDLE_LOADER = "$(TEST_HOST)";
				CODE_SIGN_STYLE = Automatic;
				DEVELOPMENT_TEAM = B2758QW979;
				INFOPLIST_FILE = sortingDemoTests/Info.plist;
				LD_RUNPATH_SEARCH_PATHS = (
					"$(inherited)",
					"@executable_path/Frameworks",
					"@loader_path/Frameworks",
				);
				PRODUCT_BUNDLE_IDENTIFIER = com.original.test.sortingDemoTests;
				PRODUCT_NAME = "$(TARGET_NAME)";
				TARGETED_DEVICE_FAMILY = "1,2";
				TEST_HOST = "$(BUILT_PRODUCTS_DIR)/sortingDemo.app/sortingDemo";
			};
			name = Release;
		};
		6FFA45D421B3DB6900DD7D3E /* Debug */ = {
			isa = XCBuildConfiguration;
			buildSettings = {
				CODE_SIGN_STYLE = Automatic;
				DEVELOPMENT_TEAM = B2758QW979;
				INFOPLIST_FILE = sortingDemoUITests/Info.plist;
				LD_RUNPATH_SEARCH_PATHS = (
					"$(inherited)",
					"@executable_path/Frameworks",
					"@loader_path/Frameworks",
				);
				PRODUCT_BUNDLE_IDENTIFIER = com.original.test.sortingDemoUITests;
				PRODUCT_NAME = "$(TARGET_NAME)";
				TARGETED_DEVICE_FAMILY = "1,2";
				TEST_TARGET_NAME = sortingDemo;
			};
			name = Debug;
		};
		6FFA45D521B3DB6900DD7D3E /* Release */ = {
			isa = XCBuildConfiguration;
			buildSettings = {
				CODE_SIGN_STYLE = Automatic;
				DEVELOPMENT_TEAM = B2758QW979;
				INFOPLIST_FILE = sortingDemoUITests/Info.plist;
				LD_RUNPATH_SEARCH_PATHS = (
					"$(inherited)",
					"@executable_path/Frameworks",
					"@loader_path/Frameworks",
				);
				PRODUCT_BUNDLE_IDENTIFIER = com.original.test.sortingDemoUITests;
				PRODUCT_NAME = "$(TARGET_NAME)";
				TARGETED_DEVICE_FAMILY = "1,2";
				TEST_TARGET_NAME = sortingDemo;
			};
			name = Release;
		};
/* End XCBuildConfiguration section */

/* Begin XCConfigurationList section */
		6FFA459C21B3DB6400DD7D3E /* Build configuration list for PBXProject "sortingDemo" */ = {
			isa = XCConfigurationList;
			buildConfigurations = (
				6FFA45CB21B3DB6900DD7D3E /* Debug */,
				6FFA45CC21B3DB6900DD7D3E /* Release */,
			);
			defaultConfigurationIsVisible = 0;
			defaultConfigurationName = Release;
		};
		6FFA45CD21B3DB6900DD7D3E /* Build configuration list for PBXNativeTarget "sortingDemo" */ = {
			isa = XCConfigurationList;
			buildConfigurations = (
				6FFA45CE21B3DB6900DD7D3E /* Debug */,
				6FFA45CF21B3DB6900DD7D3E /* Release */,
			);
			defaultConfigurationIsVisible = 0;
			defaultConfigurationName = Release;
		};
		6FFA45D021B3DB6900DD7D3E /* Build configuration list for PBXNativeTarget "sortingDemoTests" */ = {
			isa = XCConfigurationList;
			buildConfigurations = (
				6FFA45D121B3DB6900DD7D3E /* Debug */,
				6FFA45D221B3DB6900DD7D3E /* Release */,
			);
			defaultConfigurationIsVisible = 0;
			defaultConfigurationName = Release;
		};
		6FFA45D321B3DB6900DD7D3E /* Build configuration list for PBXNativeTarget "sortingDemoUITests" */ = {
			isa = XCConfigurationList;
			buildConfigurations = (
				6FFA45D421B3DB6900DD7D3E /* Debug */,
				6FFA45D521B3DB6900DD7D3E /* Release */,
			);
			defaultConfigurationIsVisible = 0;
			defaultConfigurationName = Release;
		};
/* End XCConfigurationList section */
	};
	rootObject = 6FFA459921B3DB6400DD7D3E /* Project object */;
}
